
Microsoft Visual Studio Solution File, Format Version 12.00
# Visual Studio 2017
Project("{FAE04EC0-301F-11D3-BF4B-00C04F79EFBC}") = "Zombies Project", "Zombies Project.csproj", "{1703BAAF-B5A2-1931-22BB-017736CB9B6B}"
EndProject
Project("{FAE04EC0-301F-11D3-BF4B-00C04F79EFBC}") = "Zombies Project.Editor", "Zombies Project.Editor.csproj", "{6F9B6976-97B5-17A3-3232-0D8A8548EE36}"
EndProject
Global
	GlobalSection(SolutionConfigurationPlatforms) = preSolution
		Debug|Any CPU = Debug|Any CPU
		Release|Any CPU = Release|Any CPU
	EndGlobalSection
	GlobalSection(ProjectConfigurationPlatforms) = postSolution
		{1703BAAF-B5A2-1931-22BB-017736CB9B6B}.Debug|Any CPU.ActiveCfg = Debug|Any CPU
		{1703BAAF-B5A2-1931-22BB-017736CB9B6B}.Debug|Any CPU.Build.0 = Debug|Any CPU
		{1703BAAF-B5A2-1931-22BB-017736CB9B6B}.Release|Any CPU.ActiveCfg = Release|Any CPU
		{1703BAAF-B5A2-1931-22BB-017736CB9B6B}.Release|Any CPU.Build.0 = Release|Any CPU
		{6F9B6976-97B5-17A3-3232-0D8A8548EE36}.Debug|Any CPU.ActiveCfg = Debug|Any CPU
		{6F9B6976-97B5-17A3-3232-0D8A8548EE36}.Debug|Any CPU.Build.0 = Debug|Any CPU
		{6F9B6976-97B5-17A3-3232-0D8A8548EE36}.Release|Any CPU.ActiveCfg = Release|Any CPU
		{6F9B6976-97B5-17A3-3232-0D8A8548EE36}.Release|Any CPU.Build.0 = Release|Any CPU
	EndGlobalSection
	GlobalSection(SolutionProperties) = preSolution
		HideSolutionNode = FALSE
	EndGlobalSection
EndGlobal
